
Microsoft Visual Studio Solution File, Format Version 12.00
# Visual Studio Version 16
VisualStudioVersion = 16.0.29123.88
MinimumVisualStudioVersion = 10.0.40219.1
Project("{FAE04EC0-301F-11D3-BF4B-00C04F79EFBC}") = "Cw1", "Cw1.csproj", "{82823214-F9D5-4B07-88EF-299F8251EF6B}"
EndProject
Global
	GlobalSection(SolutionConfigurationPlatforms) = preSolution
		Debug|Any CPU = Debug|Any CPU
		Release|Any CPU = Release|Any CPU
	EndGlobalSection
	GlobalSection(ProjectConfigurationPlatforms) = postSolution
		{82823214-F9D5-4B07-88EF-299F8251EF6B}.Debug|Any CPU.ActiveCfg = Debug|Any CPU
		{82823214-F9D5-4B07-88EF-299F8251EF6B}.Debug|Any CPU.Build.0 = Debug|Any CPU
		{82823214-F9D5-4B07-88EF-299F8251EF6B}.Release|Any CPU.ActiveCfg = Release|Any CPU
		{82823214-F9D5-4B07-88EF-299F8251EF6B}.Release|Any CPU.Build.0 = Release|Any CPU
	EndGlobalSection
	GlobalSection(SolutionProperties) = preSolution
		HideSolutionNode = FALSE
	EndGlobalSection
	GlobalSection(ExtensibilityGlobals) = postSolution
		SolutionGuid = {6B85FA2E-5226-49F0-8695-05F5B4954E90}
	EndGlobalSection
EndGlobal
